// !$*UTF8*$!
{
	archiveVersion = 1;
	classes = {
	};
	objectVersion = 55;
	objects = {

/* Begin PBXBuildFile section */
		4E2DAC7D2A6F8D5600CEDDF9 /* Cash.swift in Sources */ = {isa = PBXBuildFile; fileRef = 4E2DAC782A6F8D5600CEDDF9 /* Cash.swift */; };
		4E2DAC7E2A6F8D5600CEDDF9 /* PaymentFunction.swift in Sources */ = {isa = PBXBuildFile; fileRef = 4E2DAC792A6F8D5600CEDDF9 /* PaymentFunction.swift */; };
		4E2DAC7F2A6F8D5600CEDDF9 /* CreditCard.swift in Sources */ = {isa = PBXBuildFile; fileRef = 4E2DAC7A2A6F8D5600CEDDF9 /* CreditCard.swift */; };
		4E2DAC802A6F8D5600CEDDF9 /* Payment.swift in Sources */ = {isa = PBXBuildFile; fileRef = 4E2DAC7B2A6F8D5600CEDDF9 /* Payment.swift */; };
		4E2DAC872A6FA0A300CEDDF9 /* MenuType.swift in Sources */ = {isa = PBXBuildFile; fileRef = 4E2DAC862A6FA0A300CEDDF9 /* MenuType.swift */; };
		4E2DAC892A6FA17600CEDDF9 /* MenuFunctions.swift in Sources */ = {isa = PBXBuildFile; fileRef = 4E2DAC882A6FA17600CEDDF9 /* MenuFunctions.swift */; };
		4E2DAC8B2A6FA3AF00CEDDF9 /* SingleMenu.swift in Sources */ = {isa = PBXBuildFile; fileRef = 4E2DAC8A2A6FA3AF00CEDDF9 /* SingleMenu.swift */; };
		4E2DAC8D2A6FA3D900CEDDF9 /* SingleMenuFunc.swift in Sources */ = {isa = PBXBuildFile; fileRef = 4E2DAC8C2A6FA3D900CEDDF9 /* SingleMenuFunc.swift */; };
		4E2DAC8F2A6FA47C00CEDDF9 /* SetMenu.swift in Sources */ = {isa = PBXBuildFile; fileRef = 4E2DAC8E2A6FA47C00CEDDF9 /* SetMenu.swift */; };
		4E2DAC912A6FAADE00CEDDF9 /* BasketFunctions.swift in Sources */ = {isa = PBXBuildFile; fileRef = 4E2DAC902A6FAADE00CEDDF9 /* BasketFunctions.swift */; };
		4E2DAC932A6FB02600CEDDF9 /* OrderType.swift in Sources */ = {isa = PBXBuildFile; fileRef = 4E2DAC922A6FB02600CEDDF9 /* OrderType.swift */; };
		4E2DAC952A6FB03A00CEDDF9 /* ItemType.swift in Sources */ = {isa = PBXBuildFile; fileRef = 4E2DAC942A6FB03A00CEDDF9 /* ItemType.swift */; };
		4E2DAC972A6FC5D600CEDDF9 /* SideMenu.swift in Sources */ = {isa = PBXBuildFile; fileRef = 4E2DAC962A6FC5D600CEDDF9 /* SideMenu.swift */; };
		4E3453382A70A44600798342 /* CoffeeMenu.swift in Sources */ = {isa = PBXBuildFile; fileRef = 4E3453372A70A44600798342 /* CoffeeMenu.swift */; };
		4E34533A2A70A45300798342 /* DessertMenu.swift in Sources */ = {isa = PBXBuildFile; fileRef = 4E3453392A70A45300798342 /* DessertMenu.swift */; };
		4E34533C2A70A45F00798342 /* DrinkMenu.swift in Sources */ = {isa = PBXBuildFile; fileRef = 4E34533B2A70A45F00798342 /* DrinkMenu.swift */; };
		4E34533E2A70A46600798342 /* Menu.swift in Sources */ = {isa = PBXBuildFile; fileRef = 4E34533D2A70A46600798342 /* Menu.swift */; };
		4E3453422A70A57100798342 /* SetMenuFunc.swift in Sources */ = {isa = PBXBuildFile; fileRef = 4E3453412A70A57100798342 /* SetMenuFunc.swift */; };
		4E3453442A70A59000798342 /* OtherMenuFunc.swift in Sources */ = {isa = PBXBuildFile; fileRef = 4E3453432A70A59000798342 /* OtherMenuFunc.swift */; };
		D68B52FF2A6F94D400B7D356 /* OrderNumber.swift in Sources */ = {isa = PBXBuildFile; fileRef = D68B52FE2A6F94D400B7D356 /* OrderNumber.swift */; };
		DB642FF72A6E0E2000A3D4BD /* main.swift in Sources */ = {isa = PBXBuildFile; fileRef = DB642FF62A6E0E2000A3D4BD /* main.swift */; };
		DB642FFE2A6E1AC000A3D4BD /* Basket.swift in Sources */ = {isa = PBXBuildFile; fileRef = DB642FFD2A6E1AC000A3D4BD /* Basket.swift */; };
/* End PBXBuildFile section */

/* Begin PBXCopyFilesBuildPhase section */
		DB642FF12A6E0E2000A3D4BD /* CopyFiles */ = {
			isa = PBXCopyFilesBuildPhase;
			buildActionMask = 2147483647;
			dstPath = /usr/share/man/man1/;
			dstSubfolderSpec = 0;
			files = (
			);
			runOnlyForDeploymentPostprocessing = 1;
		};
/* End PBXCopyFilesBuildPhase section */

/* Begin PBXFileReference section */
		4E2DAC782A6F8D5600CEDDF9 /* Cash.swift */ = {isa = PBXFileReference; fileEncoding = 4; lastKnownFileType = sourcecode.swift; path = Cash.swift; sourceTree = "<group>"; };
		4E2DAC792A6F8D5600CEDDF9 /* PaymentFunction.swift */ = {isa = PBXFileReference; fileEncoding = 4; lastKnownFileType = sourcecode.swift; path = PaymentFunction.swift; sourceTree = "<group>"; };
		4E2DAC7A2A6F8D5600CEDDF9 /* CreditCard.swift */ = {isa = PBXFileReference; fileEncoding = 4; lastKnownFileType = sourcecode.swift; path = CreditCard.swift; sourceTree = "<group>"; };
		4E2DAC7B2A6F8D5600CEDDF9 /* Payment.swift */ = {isa = PBXFileReference; fileEncoding = 4; lastKnownFileType = sourcecode.swift; path = Payment.swift; sourceTree = "<group>"; };
		4E2DAC862A6FA0A300CEDDF9 /* MenuType.swift */ = {isa = PBXFileReference; lastKnownFileType = sourcecode.swift; path = MenuType.swift; sourceTree = "<group>"; };
		4E2DAC882A6FA17600CEDDF9 /* MenuFunctions.swift */ = {isa = PBXFileReference; lastKnownFileType = sourcecode.swift; path = MenuFunctions.swift; sourceTree = "<group>"; };
		4E2DAC8A2A6FA3AF00CEDDF9 /* SingleMenu.swift */ = {isa = PBXFileReference; lastKnownFileType = sourcecode.swift; path = SingleMenu.swift; sourceTree = "<group>"; };
		4E2DAC8C2A6FA3D900CEDDF9 /* SingleMenuFunc.swift */ = {isa = PBXFileReference; lastKnownFileType = sourcecode.swift; path = SingleMenuFunc.swift; sourceTree = "<group>"; };
		4E2DAC8E2A6FA47C00CEDDF9 /* SetMenu.swift */ = {isa = PBXFileReference; lastKnownFileType = sourcecode.swift; path = SetMenu.swift; sourceTree = "<group>"; };
		4E2DAC902A6FAADE00CEDDF9 /* BasketFunctions.swift */ = {isa = PBXFileReference; lastKnownFileType = sourcecode.swift; path = BasketFunctions.swift; sourceTree = "<group>"; };
		4E2DAC922A6FB02600CEDDF9 /* OrderType.swift */ = {isa = PBXFileReference; lastKnownFileType = sourcecode.swift; path = OrderType.swift; sourceTree = "<group>"; };
		4E2DAC942A6FB03A00CEDDF9 /* ItemType.swift */ = {isa = PBXFileReference; lastKnownFileType = sourcecode.swift; path = ItemType.swift; sourceTree = "<group>"; };
		4E2DAC962A6FC5D600CEDDF9 /* SideMenu.swift */ = {isa = PBXFileReference; lastKnownFileType = sourcecode.swift; path = SideMenu.swift; sourceTree = "<group>"; };
		4E3453372A70A44600798342 /* CoffeeMenu.swift */ = {isa = PBXFileReference; lastKnownFileType = sourcecode.swift; path = CoffeeMenu.swift; sourceTree = "<group>"; };
		4E3453392A70A45300798342 /* DessertMenu.swift */ = {isa = PBXFileReference; lastKnownFileType = sourcecode.swift; path = DessertMenu.swift; sourceTree = "<group>"; };
		4E34533B2A70A45F00798342 /* DrinkMenu.swift */ = {isa = PBXFileReference; lastKnownFileType = sourcecode.swift; path = DrinkMenu.swift; sourceTree = "<group>"; };
		4E34533D2A70A46600798342 /* Menu.swift */ = {isa = PBXFileReference; lastKnownFileType = sourcecode.swift; path = Menu.swift; sourceTree = "<group>"; };
		4E3453412A70A57100798342 /* SetMenuFunc.swift */ = {isa = PBXFileReference; lastKnownFileType = sourcecode.swift; path = SetMenuFunc.swift; sourceTree = "<group>"; };
		4E3453432A70A59000798342 /* OtherMenuFunc.swift */ = {isa = PBXFileReference; lastKnownFileType = sourcecode.swift; path = OtherMenuFunc.swift; sourceTree = "<group>"; };
		D68B52FE2A6F94D400B7D356 /* OrderNumber.swift */ = {isa = PBXFileReference; fileEncoding = 4; lastKnownFileType = sourcecode.swift; path = OrderNumber.swift; sourceTree = "<group>"; };
		DB642FF32A6E0E2000A3D4BD /* KioskProgram */ = {isa = PBXFileReference; explicitFileType = "compiled.mach-o.executable"; includeInIndex = 0; path = KioskProgram; sourceTree = BUILT_PRODUCTS_DIR; };
		DB642FF62A6E0E2000A3D4BD /* main.swift */ = {isa = PBXFileReference; lastKnownFileType = sourcecode.swift; path = main.swift; sourceTree = "<group>"; };
		DB642FFD2A6E1AC000A3D4BD /* Basket.swift */ = {isa = PBXFileReference; lastKnownFileType = sourcecode.swift; path = Basket.swift; sourceTree = "<group>"; };
/* End PBXFileReference section */

/* Begin PBXFrameworksBuildPhase section */
		DB642FF02A6E0E2000A3D4BD /* Frameworks */ = {
			isa = PBXFrameworksBuildPhase;
			buildActionMask = 2147483647;
			files = (
			);
			runOnlyForDeploymentPostprocessing = 0;
		};
/* End PBXFrameworksBuildPhase section */

/* Begin PBXGroup section */
		4E2DAC772A6F8D5600CEDDF9 /* Payment */ = {
			isa = PBXGroup;
			children = (
				4E2DAC7B2A6F8D5600CEDDF9 /* Payment.swift */,
				4E2DAC7A2A6F8D5600CEDDF9 /* CreditCard.swift */,
				4E2DAC782A6F8D5600CEDDF9 /* Cash.swift */,
				4E2DAC792A6F8D5600CEDDF9 /* PaymentFunction.swift */,
			);
			path = Payment;
			sourceTree = "<group>";
		};
		4E2DAC822A6F990300CEDDF9 /* OrderNumber */ = {
			isa = PBXGroup;
			children = (
				D68B52FE2A6F94D400B7D356 /* OrderNumber.swift */,
			);
			path = OrderNumber;
			sourceTree = "<group>";
		};
		4E2DAC832A6F991A00CEDDF9 /* MenuType */ = {
			isa = PBXGroup;
			children = (
				4E2DAC862A6FA0A300CEDDF9 /* MenuType.swift */,
				4E2DAC882A6FA17600CEDDF9 /* MenuFunctions.swift */,
				4E2DAC922A6FB02600CEDDF9 /* OrderType.swift */,
				4E2DAC942A6FB03A00CEDDF9 /* ItemType.swift */,
			);
			path = MenuType;
			sourceTree = "<group>";
		};
		4E2DAC842A6F992F00CEDDF9 /* Basket */ = {
			isa = PBXGroup;
			children = (
				DB642FFD2A6E1AC000A3D4BD /* Basket.swift */,
				4E2DAC902A6FAADE00CEDDF9 /* BasketFunctions.swift */,
			);
			path = Basket;
			sourceTree = "<group>";
		};
		4E2DAC852A6F9FDA00CEDDF9 /* Menu */ = {
			isa = PBXGroup;
			children = (
				4E3453372A70A44600798342 /* CoffeeMenu.swift */,
				4E3453392A70A45300798342 /* DessertMenu.swift */,
				4E34533B2A70A45F00798342 /* DrinkMenu.swift */,
				4E34533D2A70A46600798342 /* Menu.swift */,
				4E2DAC8E2A6FA47C00CEDDF9 /* SetMenu.swift */,
				4E2DAC962A6FC5D600CEDDF9 /* SideMenu.swift */,
				4E2DAC8A2A6FA3AF00CEDDF9 /* SingleMenu.swift */,
				4E3453452A70A59D00798342 /* MenuFunc */,
			);
			path = Menu;
			sourceTree = "<group>";
		};
		4E3453452A70A59D00798342 /* MenuFunc */ = {
			isa = PBXGroup;
			children = (
				4E2DAC8C2A6FA3D900CEDDF9 /* SingleMenuFunc.swift */,
				4E3453412A70A57100798342 /* SetMenuFunc.swift */,
				4E3453432A70A59000798342 /* OtherMenuFunc.swift */,
			);
			path = MenuFunc;
			sourceTree = "<group>";
		};
		DB642FEA2A6E0E1F00A3D4BD = {
			isa = PBXGroup;
			children = (
				DB642FF52A6E0E2000A3D4BD /* KioskProgram */,
				DB642FF42A6E0E2000A3D4BD /* Products */,
			);
			sourceTree = "<group>";
		};
		DB642FF42A6E0E2000A3D4BD /* Products */ = {
			isa = PBXGroup;
			children = (
				DB642FF32A6E0E2000A3D4BD /* KioskProgram */,
			);
			name = Products;
			sourceTree = "<group>";
		};
		DB642FF52A6E0E2000A3D4BD /* KioskProgram */ = {
			isa = PBXGroup;
			children = (
				DB642FF62A6E0E2000A3D4BD /* main.swift */,
				4E2DAC832A6F991A00CEDDF9 /* MenuType */,
				4E2DAC852A6F9FDA00CEDDF9 /* Menu */,
				4E2DAC842A6F992F00CEDDF9 /* Basket */,
				4E2DAC772A6F8D5600CEDDF9 /* Payment */,
				4E2DAC822A6F990300CEDDF9 /* OrderNumber */,
			);
			path = KioskProgram;
			sourceTree = "<group>";
		};
/* End PBXGroup section */

/* Begin PBXNativeTarget section */
		DB642FF22A6E0E2000A3D4BD /* KioskProgram */ = {
			isa = PBXNativeTarget;
			buildConfigurationList = DB642FFA2A6E0E2000A3D4BD /* Build configuration list for PBXNativeTarget "KioskProgram" */;
			buildPhases = (
				DB642FEF2A6E0E2000A3D4BD /* Sources */,
				DB642FF02A6E0E2000A3D4BD /* Frameworks */,
				DB642FF12A6E0E2000A3D4BD /* CopyFiles */,
			);
			buildRules = (
			);
			dependencies = (
			);
			name = KioskProgram;
			productName = KioskProgram;
			productReference = DB642FF32A6E0E2000A3D4BD /* KioskProgram */;
			productType = "com.apple.product-type.tool";
		};
/* End PBXNativeTarget section */

/* Begin PBXProject section */
		DB642FEB2A6E0E1F00A3D4BD /* Project object */ = {
			isa = PBXProject;
			attributes = {
				BuildIndependentTargetsInParallel = 1;
				LastSwiftUpdateCheck = 1430;
				LastUpgradeCheck = 1430;
				TargetAttributes = {
					DB642FF22A6E0E2000A3D4BD = {
						CreatedOnToolsVersion = 14.3.1;
					};
				};
			};
			buildConfigurationList = DB642FEE2A6E0E1F00A3D4BD /* Build configuration list for PBXProject "KioskProgram" */;
			compatibilityVersion = "Xcode 13.0";
			developmentRegion = en;
			hasScannedForEncodings = 0;
			knownRegions = (
				en,
				Base,
			);
			mainGroup = DB642FEA2A6E0E1F00A3D4BD;
			productRefGroup = DB642FF42A6E0E2000A3D4BD /* Products */;
			projectDirPath = "";
			projectRoot = "";
			targets = (
				DB642FF22A6E0E2000A3D4BD /* KioskProgram */,
			);
		};
/* End PBXProject section */

/* Begin PBXSourcesBuildPhase section */
		DB642FEF2A6E0E2000A3D4BD /* Sources */ = {
			isa = PBXSourcesBuildPhase;
			buildActionMask = 2147483647;
			files = (
				4E2DAC872A6FA0A300CEDDF9 /* MenuType.swift in Sources */,
				4E2DAC7F2A6F8D5600CEDDF9 /* CreditCard.swift in Sources */,
				4E2DAC912A6FAADE00CEDDF9 /* BasketFunctions.swift in Sources */,
				4E3453442A70A59000798342 /* OtherMenuFunc.swift in Sources */,
				4E34533C2A70A45F00798342 /* DrinkMenu.swift in Sources */,
				4E2DAC8B2A6FA3AF00CEDDF9 /* SingleMenu.swift in Sources */,
				4E2DAC892A6FA17600CEDDF9 /* MenuFunctions.swift in Sources */,
				DB642FF72A6E0E2000A3D4BD /* main.swift in Sources */,
				4E2DAC932A6FB02600CEDDF9 /* OrderType.swift in Sources */,
				4E34533E2A70A46600798342 /* Menu.swift in Sources */,
				4E3453382A70A44600798342 /* CoffeeMenu.swift in Sources */,
				4E2DAC972A6FC5D600CEDDF9 /* SideMenu.swift in Sources */,
				4E2DAC8F2A6FA47C00CEDDF9 /* SetMenu.swift in Sources */,
				4E2DAC7D2A6F8D5600CEDDF9 /* Cash.swift in Sources */,
				4E2DAC8D2A6FA3D900CEDDF9 /* SingleMenuFunc.swift in Sources */,
				DB642FFE2A6E1AC000A3D4BD /* Basket.swift in Sources */,
				4E2DAC802A6F8D5600CEDDF9 /* Payment.swift in Sources */,
				4E3453422A70A57100798342 /* SetMenuFunc.swift in Sources */,
				4E34533A2A70A45300798342 /* DessertMenu.swift in Sources */,
				D68B52FF2A6F94D400B7D356 /* OrderNumber.swift in Sources */,
				4E2DAC7E2A6F8D5600CEDDF9 /* PaymentFunction.swift in Sources */,
				4E2DAC952A6FB03A00CEDDF9 /* ItemType.swift in Sources */,
			);
			runOnlyForDeploymentPostprocessing = 0;
		};
/* End PBXSourcesBuildPhase section */

/* Begin XCBuildConfiguration section */
		DB642FF82A6E0E2000A3D4BD /* Debug */ = {
			isa = XCBuildConfiguration;
			buildSettings = {
				ALWAYS_SEARCH_USER_PATHS = NO;
				CLANG_ANALYZER_NONNULL = YES;
				CLANG_ANALYZER_NUMBER_OBJECT_CONVERSION = YES_AGGRESSIVE;
				CLANG_CXX_LANGUAGE_STANDARD = "gnu++20";
				CLANG_ENABLE_MODULES = YES;
				CLANG_ENABLE_OBJC_ARC = YES;
				CLANG_ENABLE_OBJC_WEAK = YES;
				CLANG_WARN_BLOCK_CAPTURE_AUTORELEASING = YES;
				CLANG_WARN_BOOL_CONVERSION = YES;
				CLANG_WARN_COMMA = YES;
				CLANG_WARN_CONSTANT_CONVERSION = YES;
				CLANG_WARN_DEPRECATED_OBJC_IMPLEMENTATIONS = YES;
				CLANG_WARN_DIRECT_OBJC_ISA_USAGE = YES_ERROR;
				CLANG_WARN_DOCUMENTATION_COMMENTS = YES;
				CLANG_WARN_EMPTY_BODY = YES;
				CLANG_WARN_ENUM_CONVERSION = YES;
				CLANG_WARN_INFINITE_RECURSION = YES;
				CLANG_WARN_INT_CONVERSION = YES;
				CLANG_WARN_NON_LITERAL_NULL_CONVERSION = YES;
				CLANG_WARN_OBJC_IMPLICIT_RETAIN_SELF = YES;
				CLANG_WARN_OBJC_LITERAL_CONVERSION = YES;
				CLANG_WARN_OBJC_ROOT_CLASS = YES_ERROR;
				CLANG_WARN_QUOTED_INCLUDE_IN_FRAMEWORK_HEADER = YES;
				CLANG_WARN_RANGE_LOOP_ANALYSIS = YES;
				CLANG_WARN_STRICT_PROTOTYPES = YES;
				CLANG_WARN_SUSPICIOUS_MOVE = YES;
				CLANG_WARN_UNGUARDED_AVAILABILITY = YES_AGGRESSIVE;
				CLANG_WARN_UNREACHABLE_CODE = YES;
				CLANG_WARN__DUPLICATE_METHOD_MATCH = YES;
				COPY_PHASE_STRIP = NO;
				DEBUG_INFORMATION_FORMAT = dwarf;
				ENABLE_STRICT_OBJC_MSGSEND = YES;
				ENABLE_TESTABILITY = YES;
				GCC_C_LANGUAGE_STANDARD = gnu11;
				GCC_DYNAMIC_NO_PIC = NO;
				GCC_NO_COMMON_BLOCKS = YES;
				GCC_OPTIMIZATION_LEVEL = 0;
				GCC_PREPROCESSOR_DEFINITIONS = (
					"DEBUG=1",
					"$(inherited)",
				);
				GCC_WARN_64_TO_32_BIT_CONVERSION = YES;
				GCC_WARN_ABOUT_RETURN_TYPE = YES_ERROR;
				GCC_WARN_UNDECLARED_SELECTOR = YES;
				GCC_WARN_UNINITIALIZED_AUTOS = YES_AGGRESSIVE;
				GCC_WARN_UNUSED_FUNCTION = YES;
				GCC_WARN_UNUSED_VARIABLE = YES;
				MACOSX_DEPLOYMENT_TARGET = 13.3;
				MTL_ENABLE_DEBUG_INFO = INCLUDE_SOURCE;
				MTL_FAST_MATH = YES;
				ONLY_ACTIVE_ARCH = YES;
				SDKROOT = macosx;
				SWIFT_ACTIVE_COMPILATION_CONDITIONS = DEBUG;
				SWIFT_OPTIMIZATION_LEVEL = "-Onone";
			};
			name = Debug;
		};
		DB642FF92A6E0E2000A3D4BD /* Release */ = {
			isa = XCBuildConfiguration;
			buildSettings = {
				ALWAYS_SEARCH_USER_PATHS = NO;
				CLANG_ANALYZER_NONNULL = YES;
				CLANG_ANALYZER_NUMBER_OBJECT_CONVERSION = YES_AGGRESSIVE;
				CLANG_CXX_LANGUAGE_STANDARD = "gnu++20";
				CLANG_ENABLE_MODULES = YES;
				CLANG_ENABLE_OBJC_ARC = YES;
				CLANG_ENABLE_OBJC_WEAK = YES;
				CLANG_WARN_BLOCK_CAPTURE_AUTORELEASING = YES;
				CLANG_WARN_BOOL_CONVERSION = YES;
				CLANG_WARN_COMMA = YES;
				CLANG_WARN_CONSTANT_CONVERSION = YES;
				CLANG_WARN_DEPRECATED_OBJC_IMPLEMENTATIONS = YES;
				CLANG_WARN_DIRECT_OBJC_ISA_USAGE = YES_ERROR;
				CLANG_WARN_DOCUMENTATION_COMMENTS = YES;
				CLANG_WARN_EMPTY_BODY = YES;
				CLANG_WARN_ENUM_CONVERSION = YES;
				CLANG_WARN_INFINITE_RECURSION = YES;
				CLANG_WARN_INT_CONVERSION = YES;
				CLANG_WARN_NON_LITERAL_NULL_CONVERSION = YES;
				CLANG_WARN_OBJC_IMPLICIT_RETAIN_SELF = YES;
				CLANG_WARN_OBJC_LITERAL_CONVERSION = YES;
				CLANG_WARN_OBJC_ROOT_CLASS = YES_ERROR;
				CLANG_WARN_QUOTED_INCLUDE_IN_FRAMEWORK_HEADER = YES;
				CLANG_WARN_RANGE_LOOP_ANALYSIS = YES;
				CLANG_WARN_STRICT_PROTOTYPES = YES;
				CLANG_WARN_SUSPICIOUS_MOVE = YES;
				CLANG_WARN_UNGUARDED_AVAILABILITY = YES_AGGRESSIVE;
				CLANG_WARN_UNREACHABLE_CODE = YES;
				CLANG_WARN__DUPLICATE_METHOD_MATCH = YES;
				COPY_PHASE_STRIP = NO;
				DEBUG_INFORMATION_FORMAT = "dwarf-with-dsym";
				ENABLE_NS_ASSERTIONS = NO;
				ENABLE_STRICT_OBJC_MSGSEND = YES;
				GCC_C_LANGUAGE_STANDARD = gnu11;
				GCC_NO_COMMON_BLOCKS = YES;
				GCC_WARN_64_TO_32_BIT_CONVERSION = YES;
				GCC_WARN_ABOUT_RETURN_TYPE = YES_ERROR;
				GCC_WARN_UNDECLARED_SELECTOR = YES;
				GCC_WARN_UNINITIALIZED_AUTOS = YES_AGGRESSIVE;
				GCC_WARN_UNUSED_FUNCTION = YES;
				GCC_WARN_UNUSED_VARIABLE = YES;
				MACOSX_DEPLOYMENT_TARGET = 13.3;
				MTL_ENABLE_DEBUG_INFO = NO;
				MTL_FAST_MATH = YES;
				SDKROOT = macosx;
				SWIFT_COMPILATION_MODE = wholemodule;
				SWIFT_OPTIMIZATION_LEVEL = "-O";
			};
			name = Release;
		};
		DB642FFB2A6E0E2000A3D4BD /* Debug */ = {
			isa = XCBuildConfiguration;
			buildSettings = {
				CODE_SIGN_STYLE = Automatic;
				DEVELOPMENT_TEAM = WVX5V7QT8W;
				ENABLE_HARDENED_RUNTIME = YES;
				PRODUCT_NAME = "$(TARGET_NAME)";
				SWIFT_VERSION = 5.0;
			};
			name = Debug;
		};
		DB642FFC2A6E0E2000A3D4BD /* Release */ = {
			isa = XCBuildConfiguration;
			buildSettings = {
				CODE_SIGN_STYLE = Automatic;
				DEVELOPMENT_TEAM = WVX5V7QT8W;
				ENABLE_HARDENED_RUNTIME = YES;
				PRODUCT_NAME = "$(TARGET_NAME)";
				SWIFT_VERSION = 5.0;
			};
			name = Release;
		};
/* End XCBuildConfiguration section */

/* Begin XCConfigurationList section */
		DB642FEE2A6E0E1F00A3D4BD /* Build configuration list for PBXProject "KioskProgram" */ = {
			isa = XCConfigurationList;
			buildConfigurations = (
				DB642FF82A6E0E2000A3D4BD /* Debug */,
				DB642FF92A6E0E2000A3D4BD /* Release */,
			);
			defaultConfigurationIsVisible = 0;
			defaultConfigurationName = Release;
		};
		DB642FFA2A6E0E2000A3D4BD /* Build configuration list for PBXNativeTarget "KioskProgram" */ = {
			isa = XCConfigurationList;
			buildConfigurations = (
				DB642FFB2A6E0E2000A3D4BD /* Debug */,
				DB642FFC2A6E0E2000A3D4BD /* Release */,
			);
			defaultConfigurationIsVisible = 0;
			defaultConfigurationName = Release;
		};
/* End XCConfigurationList section */
	};
	rootObject = DB642FEB2A6E0E1F00A3D4BD /* Project object */;
}
